
Microsoft Visual Studio Solution File, Format Version 12.00
# Visual Studio Version 17
VisualStudioVersion = 17.5.33414.496
MinimumVisualStudioVersion = 10.0.40219.1
Project("{FAE04EC0-301F-11D3-BF4B-00C04F79EFBC}") = "MvcCrudOperation", "MvcCrudOperation\MvcCrudOperation.csproj", "{6316293C-2999-459C-960D-69BD6330220B}"
EndProject
Global
	GlobalSection(SolutionConfigurationPlatforms) = preSolution
		Debug|Any CPU = Debug|Any CPU
		Release|Any CPU = Release|Any CPU
	EndGlobalSection
	GlobalSection(ProjectConfigurationPlatforms) = postSolution
		{6316293C-2999-459C-960D-69BD6330220B}.Debug|Any CPU.ActiveCfg = Debug|Any CPU
		{6316293C-2999-459C-960D-69BD6330220B}.Debug|Any CPU.Build.0 = Debug|Any CPU
		{6316293C-2999-459C-960D-69BD6330220B}.Release|Any CPU.ActiveCfg = Release|Any CPU
		{6316293C-2999-459C-960D-69BD6330220B}.Release|Any CPU.Build.0 = Release|Any CPU
	EndGlobalSection
	GlobalSection(SolutionProperties) = preSolution
		HideSolutionNode = FALSE
	EndGlobalSection
	GlobalSection(ExtensibilityGlobals) = postSolution
		SolutionGuid = {8D51DF81-800C-4BC8-8DD2-96BD7D5EEFA8}
	EndGlobalSection
EndGlobal
